
Microsoft Visual Studio Solution File, Format Version 12.00
# Visual Studio Version 17
VisualStudioVersion = 17.3.32901.215
MinimumVisualStudioVersion = 10.0.40219.1
Project("{FAE04EC0-301F-11D3-BF4B-00C04F79EFBC}") = "LacoFor", "LacoFor.csproj", "{B07D4EF9-3CD6-40B8-B1D0-0478DEB00AF2}"
EndProject
Project("{FAE04EC0-301F-11D3-BF4B-00C04F79EFBC}") = "LacoWhile", "..\LacoWhile\LacoWhile.csproj", "{001F5327-017A-4473-9CF9-4B44C4FC7B66}"
EndProject
Project("{FAE04EC0-301F-11D3-BF4B-00C04F79EFBC}") = "LacoDoWhile", "..\LacoDoWhile\LacoDoWhile.csproj", "{BC8C4888-BF02-4C46-9203-9DA67341BFF8}"
EndProject
Global
	GlobalSection(SolutionConfigurationPlatforms) = preSolution
		Debug|Any CPU = Debug|Any CPU
		Release|Any CPU = Release|Any CPU
	EndGlobalSection
	GlobalSection(ProjectConfigurationPlatforms) = postSolution
		{B07D4EF9-3CD6-40B8-B1D0-0478DEB00AF2}.Debug|Any CPU.ActiveCfg = Debug|Any CPU
		{B07D4EF9-3CD6-40B8-B1D0-0478DEB00AF2}.Debug|Any CPU.Build.0 = Debug|Any CPU
		{B07D4EF9-3CD6-40B8-B1D0-0478DEB00AF2}.Release|Any CPU.ActiveCfg = Release|Any CPU
		{B07D4EF9-3CD6-40B8-B1D0-0478DEB00AF2}.Release|Any CPU.Build.0 = Release|Any CPU
		{001F5327-017A-4473-9CF9-4B44C4FC7B66}.Debug|Any CPU.ActiveCfg = Debug|Any CPU
		{001F5327-017A-4473-9CF9-4B44C4FC7B66}.Debug|Any CPU.Build.0 = Debug|Any CPU
		{001F5327-017A-4473-9CF9-4B44C4FC7B66}.Release|Any CPU.ActiveCfg = Release|Any CPU
		{001F5327-017A-4473-9CF9-4B44C4FC7B66}.Release|Any CPU.Build.0 = Release|Any CPU
		{BC8C4888-BF02-4C46-9203-9DA67341BFF8}.Debug|Any CPU.ActiveCfg = Debug|Any CPU
		{BC8C4888-BF02-4C46-9203-9DA67341BFF8}.Debug|Any CPU.Build.0 = Debug|Any CPU
		{BC8C4888-BF02-4C46-9203-9DA67341BFF8}.Release|Any CPU.ActiveCfg = Release|Any CPU
		{BC8C4888-BF02-4C46-9203-9DA67341BFF8}.Release|Any CPU.Build.0 = Release|Any CPU
	EndGlobalSection
	GlobalSection(SolutionProperties) = preSolution
		HideSolutionNode = FALSE
	EndGlobalSection
	GlobalSection(ExtensibilityGlobals) = postSolution
		SolutionGuid = {6BE436FA-A076-4014-96E0-7DE31334ED25}
	EndGlobalSection
EndGlobal
