
Microsoft Visual Studio Solution File, Format Version 12.00
# Visual Studio Version 17
VisualStudioVersion = 17.3.32929.385
MinimumVisualStudioVersion = 10.0.40219.1
Project("{FAE04EC0-301F-11D3-BF4B-00C04F79EFBC}") = "DepartamentoEmpreagoBD", "DepartamentoEmpreagoBD.csproj", "{87173303-E460-476C-81C2-8082BB132EBD}"
EndProject
Global
	GlobalSection(SolutionConfigurationPlatforms) = preSolution
		Debug|Any CPU = Debug|Any CPU
		Release|Any CPU = Release|Any CPU
	EndGlobalSection
	GlobalSection(ProjectConfigurationPlatforms) = postSolution
		{87173303-E460-476C-81C2-8082BB132EBD}.Debug|Any CPU.ActiveCfg = Debug|Any CPU
		{87173303-E460-476C-81C2-8082BB132EBD}.Debug|Any CPU.Build.0 = Debug|Any CPU
		{87173303-E460-476C-81C2-8082BB132EBD}.Release|Any CPU.ActiveCfg = Release|Any CPU
		{87173303-E460-476C-81C2-8082BB132EBD}.Release|Any CPU.Build.0 = Release|Any CPU
	EndGlobalSection
	GlobalSection(SolutionProperties) = preSolution
		HideSolutionNode = FALSE
	EndGlobalSection
	GlobalSection(ExtensibilityGlobals) = postSolution
		SolutionGuid = {4C5F8432-0E50-41E8-A089-ED792D7B2D6A}
	EndGlobalSection
EndGlobal
