
Microsoft Visual Studio Solution File, Format Version 12.00
# Visual Studio Version 17
VisualStudioVersion = 17.3.32929.385
MinimumVisualStudioVersion = 10.0.40219.1
Project("{FAE04EC0-301F-11D3-BF4B-00C04F79EFBC}") = "ExemplosDicionario", "ExemplosDicionario.csproj", "{64A75DED-D2C4-42E9-B834-EFABE4327756}"
EndProject
Global
	GlobalSection(SolutionConfigurationPlatforms) = preSolution
		Debug|Any CPU = Debug|Any CPU
		Release|Any CPU = Release|Any CPU
	EndGlobalSection
	GlobalSection(ProjectConfigurationPlatforms) = postSolution
		{64A75DED-D2C4-42E9-B834-EFABE4327756}.Debug|Any CPU.ActiveCfg = Debug|Any CPU
		{64A75DED-D2C4-42E9-B834-EFABE4327756}.Debug|Any CPU.Build.0 = Debug|Any CPU
		{64A75DED-D2C4-42E9-B834-EFABE4327756}.Release|Any CPU.ActiveCfg = Release|Any CPU
		{64A75DED-D2C4-42E9-B834-EFABE4327756}.Release|Any CPU.Build.0 = Release|Any CPU
	EndGlobalSection
	GlobalSection(SolutionProperties) = preSolution
		HideSolutionNode = FALSE
	EndGlobalSection
	GlobalSection(ExtensibilityGlobals) = postSolution
		SolutionGuid = {E9091389-71E7-45DB-B1DB-C27D0B315BC1}
	EndGlobalSection
EndGlobal
