
Microsoft Visual Studio Solution File, Format Version 12.00
# Visual Studio Version 17
VisualStudioVersion = 17.3.32929.385
MinimumVisualStudioVersion = 10.0.40219.1
Project("{FAE04EC0-301F-11D3-BF4B-00C04F79EFBC}") = "ColecoesI", "ColecoesI.csproj", "{F6B804DC-19AC-4605-A4BE-87CE37631E15}"
EndProject
Global
	GlobalSection(SolutionConfigurationPlatforms) = preSolution
		Debug|Any CPU = Debug|Any CPU
		Release|Any CPU = Release|Any CPU
	EndGlobalSection
	GlobalSection(ProjectConfigurationPlatforms) = postSolution
		{F6B804DC-19AC-4605-A4BE-87CE37631E15}.Debug|Any CPU.ActiveCfg = Debug|Any CPU
		{F6B804DC-19AC-4605-A4BE-87CE37631E15}.Debug|Any CPU.Build.0 = Debug|Any CPU
		{F6B804DC-19AC-4605-A4BE-87CE37631E15}.Release|Any CPU.ActiveCfg = Release|Any CPU
		{F6B804DC-19AC-4605-A4BE-87CE37631E15}.Release|Any CPU.Build.0 = Release|Any CPU
	EndGlobalSection
	GlobalSection(SolutionProperties) = preSolution
		HideSolutionNode = FALSE
	EndGlobalSection
	GlobalSection(ExtensibilityGlobals) = postSolution
		SolutionGuid = {90FCD705-0180-4E8D-AAE4-83EA73639092}
	EndGlobalSection
EndGlobal
