
Microsoft Visual Studio Solution File, Format Version 12.00
# Visual Studio Version 17
VisualStudioVersion = 17.3.32929.385
MinimumVisualStudioVersion = 10.0.40219.1
Project("{9A19103F-16F7-4668-BE54-9A1E7A4F7556}") = "PrimeiroExercicio", "PrimeiroExercicio.csproj", "{AD87372C-1CB1-4643-8A40-6E01ED25CDC3}"
EndProject
Project("{9A19103F-16F7-4668-BE54-9A1E7A4F7556}") = "SegundoExercicio", "..\SegundoExercicio\SegundoExercicio.csproj", "{825AAE51-E6A0-414C-BDC5-49CC6DCF8F5C}"
EndProject
Project("{9A19103F-16F7-4668-BE54-9A1E7A4F7556}") = "TerceiroExercicio", "..\TerceiroExercicio\TerceiroExercicio.csproj", "{6B5E56CD-BC6E-439C-8462-350687B77FDF}"
EndProject
Project("{FAE04EC0-301F-11D3-BF4B-00C04F79EFBC}") = "QuartoExercicio", "..\QuartoExercicio\QuartoExercicio.csproj", "{D3F264A0-B3C6-4711-90C9-17C48E2E77FA}"
EndProject
Global
	GlobalSection(SolutionConfigurationPlatforms) = preSolution
		Debug|Any CPU = Debug|Any CPU
		Release|Any CPU = Release|Any CPU
	EndGlobalSection
	GlobalSection(ProjectConfigurationPlatforms) = postSolution
		{AD87372C-1CB1-4643-8A40-6E01ED25CDC3}.Debug|Any CPU.ActiveCfg = Debug|Any CPU
		{AD87372C-1CB1-4643-8A40-6E01ED25CDC3}.Debug|Any CPU.Build.0 = Debug|Any CPU
		{AD87372C-1CB1-4643-8A40-6E01ED25CDC3}.Release|Any CPU.ActiveCfg = Release|Any CPU
		{AD87372C-1CB1-4643-8A40-6E01ED25CDC3}.Release|Any CPU.Build.0 = Release|Any CPU
		{825AAE51-E6A0-414C-BDC5-49CC6DCF8F5C}.Debug|Any CPU.ActiveCfg = Debug|Any CPU
		{825AAE51-E6A0-414C-BDC5-49CC6DCF8F5C}.Debug|Any CPU.Build.0 = Debug|Any CPU
		{825AAE51-E6A0-414C-BDC5-49CC6DCF8F5C}.Release|Any CPU.ActiveCfg = Release|Any CPU
		{825AAE51-E6A0-414C-BDC5-49CC6DCF8F5C}.Release|Any CPU.Build.0 = Release|Any CPU
		{6B5E56CD-BC6E-439C-8462-350687B77FDF}.Debug|Any CPU.ActiveCfg = Debug|Any CPU
		{6B5E56CD-BC6E-439C-8462-350687B77FDF}.Debug|Any CPU.Build.0 = Debug|Any CPU
		{6B5E56CD-BC6E-439C-8462-350687B77FDF}.Release|Any CPU.ActiveCfg = Release|Any CPU
		{6B5E56CD-BC6E-439C-8462-350687B77FDF}.Release|Any CPU.Build.0 = Release|Any CPU
		{D3F264A0-B3C6-4711-90C9-17C48E2E77FA}.Debug|Any CPU.ActiveCfg = Debug|Any CPU
		{D3F264A0-B3C6-4711-90C9-17C48E2E77FA}.Debug|Any CPU.Build.0 = Debug|Any CPU
		{D3F264A0-B3C6-4711-90C9-17C48E2E77FA}.Release|Any CPU.ActiveCfg = Release|Any CPU
		{D3F264A0-B3C6-4711-90C9-17C48E2E77FA}.Release|Any CPU.Build.0 = Release|Any CPU
	EndGlobalSection
	GlobalSection(SolutionProperties) = preSolution
		HideSolutionNode = FALSE
	EndGlobalSection
	GlobalSection(ExtensibilityGlobals) = postSolution
		SolutionGuid = {02EC5A98-D1E7-49B2-8AE5-EC7DDA5139CD}
	EndGlobalSection
EndGlobal
