
Microsoft Visual Studio Solution File, Format Version 12.00
# Visual Studio Version 17
VisualStudioVersion = 17.3.32901.215
MinimumVisualStudioVersion = 10.0.40219.1
Project("{9A19103F-16F7-4668-BE54-9A1E7A4F7556}") = "AppOO", "AppOO.csproj", "{79068F43-3045-48BE-A7EC-40C0532D3F6C}"
EndProject
Project("{9A19103F-16F7-4668-BE54-9A1E7A4F7556}") = "ExercicioClasse", "..\ExercicioClasse\ExercicioClasse.csproj", "{4544080F-FD6D-4F92-97B0-C380E968F887}"
EndProject
Project("{9A19103F-16F7-4668-BE54-9A1E7A4F7556}") = "ExercicioUm", "..\ExercicioUm\ExercicioUm.csproj", "{7CDD4291-208D-4EF4-9B73-645834849DA5}"
EndProject
Project("{9A19103F-16F7-4668-BE54-9A1E7A4F7556}") = "ExercicioDois", "..\ExercicioDois\ExercicioDois.csproj", "{AADD62AA-612A-4720-81CE-9A0B48F1F9C6}"
EndProject
Project("{9A19103F-16F7-4668-BE54-9A1E7A4F7556}") = "ExercicioQuatro", "..\ExercicioQuatro\ExercicioQuatro.csproj", "{B2604723-D6D9-4FCF-906D-C19BB6C3DA1D}"
EndProject
Project("{9A19103F-16F7-4668-BE54-9A1E7A4F7556}") = "ExercicioCinco", "..\ExercicioCinco\ExercicioCinco.csproj", "{31626CB5-2D3E-4A85-831C-5931038B34DF}"
EndProject
Project("{9A19103F-16F7-4668-BE54-9A1E7A4F7556}") = "ExercicioSeis", "..\ExercicioSeis\ExercicioSeis.csproj", "{EF851BEA-FF0E-4032-A642-5672FC54787C}"
EndProject
Project("{9A19103F-16F7-4668-BE54-9A1E7A4F7556}") = "ExercicioSete", "..\ExercicioSete\ExercicioSete.csproj", "{E414ACDB-A6A8-47F0-9CA0-78AF5B8D8911}"
EndProject
Project("{FAE04EC0-301F-11D3-BF4B-00C04F79EFBC}") = "ExercicioOito", "..\ExercicioOito\ExercicioOito.csproj", "{2504B506-855D-4489-8401-91E18276C87A}"
EndProject
Global
	GlobalSection(SolutionConfigurationPlatforms) = preSolution
		Debug|Any CPU = Debug|Any CPU
		Release|Any CPU = Release|Any CPU
	EndGlobalSection
	GlobalSection(ProjectConfigurationPlatforms) = postSolution
		{79068F43-3045-48BE-A7EC-40C0532D3F6C}.Debug|Any CPU.ActiveCfg = Debug|Any CPU
		{79068F43-3045-48BE-A7EC-40C0532D3F6C}.Debug|Any CPU.Build.0 = Debug|Any CPU
		{79068F43-3045-48BE-A7EC-40C0532D3F6C}.Release|Any CPU.ActiveCfg = Release|Any CPU
		{79068F43-3045-48BE-A7EC-40C0532D3F6C}.Release|Any CPU.Build.0 = Release|Any CPU
		{4544080F-FD6D-4F92-97B0-C380E968F887}.Debug|Any CPU.ActiveCfg = Debug|Any CPU
		{4544080F-FD6D-4F92-97B0-C380E968F887}.Debug|Any CPU.Build.0 = Debug|Any CPU
		{4544080F-FD6D-4F92-97B0-C380E968F887}.Release|Any CPU.ActiveCfg = Release|Any CPU
		{4544080F-FD6D-4F92-97B0-C380E968F887}.Release|Any CPU.Build.0 = Release|Any CPU
		{7CDD4291-208D-4EF4-9B73-645834849DA5}.Debug|Any CPU.ActiveCfg = Debug|Any CPU
		{7CDD4291-208D-4EF4-9B73-645834849DA5}.Debug|Any CPU.Build.0 = Debug|Any CPU
		{7CDD4291-208D-4EF4-9B73-645834849DA5}.Release|Any CPU.ActiveCfg = Release|Any CPU
		{7CDD4291-208D-4EF4-9B73-645834849DA5}.Release|Any CPU.Build.0 = Release|Any CPU
		{AADD62AA-612A-4720-81CE-9A0B48F1F9C6}.Debug|Any CPU.ActiveCfg = Debug|Any CPU
		{AADD62AA-612A-4720-81CE-9A0B48F1F9C6}.Debug|Any CPU.Build.0 = Debug|Any CPU
		{AADD62AA-612A-4720-81CE-9A0B48F1F9C6}.Release|Any CPU.ActiveCfg = Release|Any CPU
		{AADD62AA-612A-4720-81CE-9A0B48F1F9C6}.Release|Any CPU.Build.0 = Release|Any CPU
		{B2604723-D6D9-4FCF-906D-C19BB6C3DA1D}.Debug|Any CPU.ActiveCfg = Debug|Any CPU
		{B2604723-D6D9-4FCF-906D-C19BB6C3DA1D}.Debug|Any CPU.Build.0 = Debug|Any CPU
		{B2604723-D6D9-4FCF-906D-C19BB6C3DA1D}.Release|Any CPU.ActiveCfg = Release|Any CPU
		{B2604723-D6D9-4FCF-906D-C19BB6C3DA1D}.Release|Any CPU.Build.0 = Release|Any CPU
		{31626CB5-2D3E-4A85-831C-5931038B34DF}.Debug|Any CPU.ActiveCfg = Debug|Any CPU
		{31626CB5-2D3E-4A85-831C-5931038B34DF}.Debug|Any CPU.Build.0 = Debug|Any CPU
		{31626CB5-2D3E-4A85-831C-5931038B34DF}.Release|Any CPU.ActiveCfg = Release|Any CPU
		{31626CB5-2D3E-4A85-831C-5931038B34DF}.Release|Any CPU.Build.0 = Release|Any CPU
		{EF851BEA-FF0E-4032-A642-5672FC54787C}.Debug|Any CPU.ActiveCfg = Debug|Any CPU
		{EF851BEA-FF0E-4032-A642-5672FC54787C}.Debug|Any CPU.Build.0 = Debug|Any CPU
		{EF851BEA-FF0E-4032-A642-5672FC54787C}.Release|Any CPU.ActiveCfg = Release|Any CPU
		{EF851BEA-FF0E-4032-A642-5672FC54787C}.Release|Any CPU.Build.0 = Release|Any CPU
		{E414ACDB-A6A8-47F0-9CA0-78AF5B8D8911}.Debug|Any CPU.ActiveCfg = Debug|Any CPU
		{E414ACDB-A6A8-47F0-9CA0-78AF5B8D8911}.Debug|Any CPU.Build.0 = Debug|Any CPU
		{E414ACDB-A6A8-47F0-9CA0-78AF5B8D8911}.Release|Any CPU.ActiveCfg = Release|Any CPU
		{E414ACDB-A6A8-47F0-9CA0-78AF5B8D8911}.Release|Any CPU.Build.0 = Release|Any CPU
		{2504B506-855D-4489-8401-91E18276C87A}.Debug|Any CPU.ActiveCfg = Debug|Any CPU
		{2504B506-855D-4489-8401-91E18276C87A}.Debug|Any CPU.Build.0 = Debug|Any CPU
		{2504B506-855D-4489-8401-91E18276C87A}.Release|Any CPU.ActiveCfg = Release|Any CPU
		{2504B506-855D-4489-8401-91E18276C87A}.Release|Any CPU.Build.0 = Release|Any CPU
	EndGlobalSection
	GlobalSection(SolutionProperties) = preSolution
		HideSolutionNode = FALSE
	EndGlobalSection
	GlobalSection(ExtensibilityGlobals) = postSolution
		SolutionGuid = {1CD0E99D-22D3-4C0A-8BA4-A722DA13F09F}
	EndGlobalSection
EndGlobal
