
Microsoft Visual Studio Solution File, Format Version 12.00
# Visual Studio Version 17
VisualStudioVersion = 17.3.32929.385
MinimumVisualStudioVersion = 10.0.40219.1
Project("{FAE04EC0-301F-11D3-BF4B-00C04F79EFBC}") = "QuartoExercicio", "QuartoExercicio.csproj", "{D8767B24-2FDF-46C0-A725-28F44F517322}"
EndProject
Global
	GlobalSection(SolutionConfigurationPlatforms) = preSolution
		Debug|Any CPU = Debug|Any CPU
		Release|Any CPU = Release|Any CPU
	EndGlobalSection
	GlobalSection(ProjectConfigurationPlatforms) = postSolution
		{D8767B24-2FDF-46C0-A725-28F44F517322}.Debug|Any CPU.ActiveCfg = Debug|Any CPU
		{D8767B24-2FDF-46C0-A725-28F44F517322}.Debug|Any CPU.Build.0 = Debug|Any CPU
		{D8767B24-2FDF-46C0-A725-28F44F517322}.Release|Any CPU.ActiveCfg = Release|Any CPU
		{D8767B24-2FDF-46C0-A725-28F44F517322}.Release|Any CPU.Build.0 = Release|Any CPU
	EndGlobalSection
	GlobalSection(SolutionProperties) = preSolution
		HideSolutionNode = FALSE
	EndGlobalSection
	GlobalSection(ExtensibilityGlobals) = postSolution
		SolutionGuid = {86537835-1FD8-4DA5-ACB5-94DBDB5CAAB1}
	EndGlobalSection
EndGlobal
