
Microsoft Visual Studio Solution File, Format Version 12.00
# Visual Studio Version 17
VisualStudioVersion = 17.4.33110.190
MinimumVisualStudioVersion = 10.0.40219.1
Project("{FAE04EC0-301F-11D3-BF4B-00C04F79EFBC}") = "PrimeiraAulaAPI", "PrimeiraAulaAPI\PrimeiraAulaAPI.csproj", "{47F146A7-D2F0-432D-9978-FC89AF8DA003}"
EndProject
Global
	GlobalSection(SolutionConfigurationPlatforms) = preSolution
		Debug|Any CPU = Debug|Any CPU
		Release|Any CPU = Release|Any CPU
	EndGlobalSection
	GlobalSection(ProjectConfigurationPlatforms) = postSolution
		{47F146A7-D2F0-432D-9978-FC89AF8DA003}.Debug|Any CPU.ActiveCfg = Debug|Any CPU
		{47F146A7-D2F0-432D-9978-FC89AF8DA003}.Debug|Any CPU.Build.0 = Debug|Any CPU
		{47F146A7-D2F0-432D-9978-FC89AF8DA003}.Release|Any CPU.ActiveCfg = Release|Any CPU
		{47F146A7-D2F0-432D-9978-FC89AF8DA003}.Release|Any CPU.Build.0 = Release|Any CPU
	EndGlobalSection
	GlobalSection(SolutionProperties) = preSolution
		HideSolutionNode = FALSE
	EndGlobalSection
	GlobalSection(ExtensibilityGlobals) = postSolution
		SolutionGuid = {CC5AEE85-E949-4E77-949D-961484DC44CC}
	EndGlobalSection
EndGlobal
